
Microsoft Visual Studio Solution File, Format Version 12.00
# Visual Studio 15
VisualStudioVersion = 15.0.28010.2036
MinimumVisualStudioVersion = 10.0.40219.1
Project("{FAE04EC0-301F-11D3-BF4B-00C04F79EFBC}") = "SR.Web", "SR.Web\SR.Web.csproj", "{C72FCDF0-3AED-4E06-BCE6-B5E1D1AA9687}"
EndProject
Project("{FAE04EC0-301F-11D3-BF4B-00C04F79EFBC}") = "SR.Data", "SR.Data\SR.Data.csproj", "{A7F87B6D-AB49-4302-AA55-D5FE4AD737F7}"
EndProject
Project("{FAE04EC0-301F-11D3-BF4B-00C04F79EFBC}") = "SR.Model", "SR.Core\SR.Model.csproj", "{15506B1A-A565-4677-8CF5-7EEC7007EC1C}"
EndProject
Global
	GlobalSection(SolutionConfigurationPlatforms) = preSolution
		Debug|Any CPU = Debug|Any CPU
		Release|Any CPU = Release|Any CPU
	EndGlobalSection
	GlobalSection(ProjectConfigurationPlatforms) = postSolution
		{C72FCDF0-3AED-4E06-BCE6-B5E1D1AA9687}.Debug|Any CPU.ActiveCfg = Debug|Any CPU
		{C72FCDF0-3AED-4E06-BCE6-B5E1D1AA9687}.Debug|Any CPU.Build.0 = Debug|Any CPU
		{C72FCDF0-3AED-4E06-BCE6-B5E1D1AA9687}.Release|Any CPU.ActiveCfg = Release|Any CPU
		{C72FCDF0-3AED-4E06-BCE6-B5E1D1AA9687}.Release|Any CPU.Build.0 = Release|Any CPU
		{A7F87B6D-AB49-4302-AA55-D5FE4AD737F7}.Debug|Any CPU.ActiveCfg = Debug|Any CPU
		{A7F87B6D-AB49-4302-AA55-D5FE4AD737F7}.Debug|Any CPU.Build.0 = Debug|Any CPU
		{A7F87B6D-AB49-4302-AA55-D5FE4AD737F7}.Release|Any CPU.ActiveCfg = Release|Any CPU
		{A7F87B6D-AB49-4302-AA55-D5FE4AD737F7}.Release|Any CPU.Build.0 = Release|Any CPU
		{15506B1A-A565-4677-8CF5-7EEC7007EC1C}.Debug|Any CPU.ActiveCfg = Debug|Any CPU
		{15506B1A-A565-4677-8CF5-7EEC7007EC1C}.Debug|Any CPU.Build.0 = Debug|Any CPU
		{15506B1A-A565-4677-8CF5-7EEC7007EC1C}.Release|Any CPU.ActiveCfg = Release|Any CPU
		{15506B1A-A565-4677-8CF5-7EEC7007EC1C}.Release|Any CPU.Build.0 = Release|Any CPU
	EndGlobalSection
	GlobalSection(SolutionProperties) = preSolution
		HideSolutionNode = FALSE
	EndGlobalSection
	GlobalSection(ExtensibilityGlobals) = postSolution
		SolutionGuid = {0B28B7E6-9623-4611-904A-8A69DA81314E}
	EndGlobalSection
EndGlobal
